{
  "name": "dsh-volcark-plan-quota",
  "version": "1.0.0",
  "lockfileVersion": 3,
  "requires": true,
  "packages": {
    "": {
      "name": "dsh-volcark-plan-quota",
      "version": "1.0.0",
      "license": "MIT",
      "dependencies": {
        "@volcengine/ark-cli": "^1.0.15"
      },
      "engines": {
        "node": ">=18"
      }
    },
    "node_modules/@volcengine/ark-cli": {
      "version": "1.0.15",
      "resolved": "https://registry.npmjs.org/@volcengine/ark-cli/-/ark-cli-1.0.15.tgz",
      "integrity": "sha512-4zSRpiPUg3w4kBLsCA3uLIZ+MmJCp/ME2wPAh+nnndl9rNUjp5bzi671dfpo8bYvMAk16lRzmBsIPaNiWa/2rg==",
      "cpu": [
        "x64",
        "arm64"
      ],
      "hasInstallScript": true,
      "license": "Apache-2.0",
      "os": [
        "darwin",
        "linux",
        "win32"
      ],
      "bin": {
        "arkcli": "scripts/run.js"
      },
      "engines": {
        "node": ">=16"
      }
    }
  }
}
